
Microsoft Visual Studio Solution File, Format Version 12.00
# Visual Studio Version 17
VisualStudioVersion = 17.6.34601.182
MinimumVisualStudioVersion = 10.0.40219.1
Project("{FAE04EC0-301F-11D3-BF4B-00C04F79EFBC}") = "Quiz.Android", "Quiz\Quiz.Android\Quiz.Android.csproj", "{A2F8164A-18A6-4579-A6A2-4F89A578A08C}"
EndProject
Project("{FAE04EC0-301F-11D3-BF4B-00C04F79EFBC}") = "Quiz", "Quiz\Quiz\Quiz.csproj", "{0424DE49-796B-44FE-B307-DD0E8804E380}"
EndProject
Global
	GlobalSection(SolutionConfigurationPlatforms) = preSolution
		Debug|Any CPU = Debug|Any CPU
		Release|Any CPU = Release|Any CPU
	EndGlobalSection
	GlobalSection(ProjectConfigurationPlatforms) = postSolution
		{A2F8164A-18A6-4579-A6A2-4F89A578A08C}.Debug|Any CPU.ActiveCfg = Debug|Any CPU
		{A2F8164A-18A6-4579-A6A2-4F89A578A08C}.Debug|Any CPU.Build.0 = Debug|Any CPU
		{A2F8164A-18A6-4579-A6A2-4F89A578A08C}.Debug|Any CPU.Deploy.0 = Debug|Any CPU
		{A2F8164A-18A6-4579-A6A2-4F89A578A08C}.Release|Any CPU.ActiveCfg = Release|Any CPU
		{A2F8164A-18A6-4579-A6A2-4F89A578A08C}.Release|Any CPU.Build.0 = Release|Any CPU
		{A2F8164A-18A6-4579-A6A2-4F89A578A08C}.Release|Any CPU.Deploy.0 = Release|Any CPU
		{0424DE49-796B-44FE-B307-DD0E8804E380}.Debug|Any CPU.ActiveCfg = Debug|Any CPU
		{0424DE49-796B-44FE-B307-DD0E8804E380}.Debug|Any CPU.Build.0 = Debug|Any CPU
		{0424DE49-796B-44FE-B307-DD0E8804E380}.Debug|Any CPU.Deploy.0 = Debug|Any CPU
		{0424DE49-796B-44FE-B307-DD0E8804E380}.Release|Any CPU.ActiveCfg = Release|Any CPU
		{0424DE49-796B-44FE-B307-DD0E8804E380}.Release|Any CPU.Build.0 = Release|Any CPU
		{0424DE49-796B-44FE-B307-DD0E8804E380}.Release|Any CPU.Deploy.0 = Release|Any CPU
	EndGlobalSection
	GlobalSection(SolutionProperties) = preSolution
		HideSolutionNode = FALSE
	EndGlobalSection
	GlobalSection(ExtensibilityGlobals) = postSolution
		SolutionGuid = {351149C3-958F-4C86-B71A-822C1E6FAF1B}
	EndGlobalSection
EndGlobal
